<?xml version="1.0" encoding="utf-8"?>
<Project ToolsVersion="4.0" xmlns="http://schemas.microsoft.com/developer/msbuild/2003">
  <ItemGroup>
    <Filter Include="Source Files">
      <UniqueIdentifier>{4FC737F1-C7A5-4376-A066-2A32D752A2FF}</UniqueIdentifier>
      <Extensions>cpp;c;cc;cxx;c++;cppm;ixx;def;odl;idl;hpj;bat;asm;asmx</Extensions>
    </Filter>
    <Filter Include="Header Files">
      <UniqueIdentifier>{93995380-89BD-4b04-88EB-625FBE52EBFB}</UniqueIdentifier>
      <Extensions>h;hh;hpp;hxx;h++;hm;inl;inc;ipp;xsd</Extensions>
    </Filter>
    <Filter Include="Header Files\Game">
      <UniqueIdentifier>{0e736dd8-f6e4-4f45-b2da-b5785b8a1b47}</UniqueIdentifier>
    </Filter>
    <Filter Include="Header Files\Game\Enemies">
      <UniqueIdentifier>{6dd7c2cd-fd84-449b-8613-915b14bcfb71}</UniqueIdentifier>
    </Filter>
    <Filter Include="Source Files\Game">
      <UniqueIdentifier>{ae64dd3c-b136-434b-a770-0b29e6ea8b4f}</UniqueIdentifier>
    </Filter>
    <Filter Include="Source Files\Game\Enemies">
      <UniqueIdentifier>{7b0ec737-e76b-45e6-b0be-042d1176eae1}</UniqueIdentifier>
    </Filter>
    <Filter Include="Header Files\Game\Player">
      <UniqueIdentifier>{eb276bdb-a695-454d-a71a-52c21ed7ca4b}</UniqueIdentifier>
    </Filter>
    <Filter Include="Source Files\Game\Player">
      <UniqueIdentifier>{41687a1e-b951-4d63-9610-12ca21630b24}</UniqueIdentifier>
    </Filter>
    <Filter Include="Header Files\Game\Effects">
      <UniqueIdentifier>{00dda3af-39fc-4782-a34a-48a212f41100}</UniqueIdentifier>
    </Filter>
    <Filter Include="Header Files\Game\Global">
      <UniqueIdentifier>{01196777-1872-4b58-ab89-f7c447049a59}</UniqueIdentifier>
    </Filter>
    <Filter Include="Header Files\Game\Menu">
      <UniqueIdentifier>{e0c3bdab-4503-4917-a9e1-8d2e68ec5e4d}</UniqueIdentifier>
    </Filter>
    <Filter Include="Source Files\Game\Global">
      <UniqueIdentifier>{dd474561-6e7f-4c60-b6da-0487f87f91f1}</UniqueIdentifier>
    </Filter>
    <Filter Include="Source Files\Game\Menu">
      <UniqueIdentifier>{3415d27c-9299-4825-a4c3-c1348d05faf8}</UniqueIdentifier>
    </Filter>
    <Filter Include="Source Files\Game\Effects">
      <UniqueIdentifier>{6b04fa23-d2c1-4028-ae2c-0963d4ee9c30}</UniqueIdentifier>
    </Filter>
  </ItemGroup>
  <ItemGroup>
    <ClCompile Include="Enemy.cpp">
      <Filter>Source Files\Game\Enemies</Filter>
    </ClCompile>
    <ClCompile Include="EnemyHandler.cpp">
      <Filter>Source Files\Game\Enemies</Filter>
    </ClCompile>
    <ClCompile Include="GameText.cpp">
      <Filter>Source Files\Game\Global</Filter>
    </ClCompile>
    <ClCompile Include="GameSprite.cpp">
      <Filter>Source Files\Game\Global</Filter>
    </ClCompile>
    <ClCompile Include="Object.cpp">
      <Filter>Source Files\Game\Global</Filter>
    </ClCompile>
    <ClCompile Include="Player.cpp">
      <Filter>Source Files\Game\Player</Filter>
    </ClCompile>
    <ClCompile Include="MainMenu.cpp">
      <Filter>Source Files\Game\Menu</Filter>
    </ClCompile>
    <ClCompile Include="CircleEnemy.cpp">
      <Filter>Source Files\Game\Enemies</Filter>
    </ClCompile>
    <ClCompile Include="SquareEnemy.cpp">
      <Filter>Source Files\Game\Enemies</Filter>
    </ClCompile>
    <ClCompile Include="TriangleEnemy.cpp">
      <Filter>Source Files\Game\Enemies</Filter>
    </ClCompile>
    <ClCompile Include="PentagonEnemy.cpp">
      <Filter>Source Files\Game\Enemies</Filter>
    </ClCompile>
    <ClCompile Include="Game.cpp">
      <Filter>Source Files\Game\Global</Filter>
    </ClCompile>
    <ClCompile Include="TextureHandler.cpp">
      <Filter>Source Files\Game\Global</Filter>
    </ClCompile>
    <ClCompile Include="ShopMenu.cpp">
      <Filter>Source Files\Game\Menu</Filter>
    </ClCompile>
    <ClCompile Include="MainGame.cpp">
      <Filter>Source Files\Game\Menu</Filter>
    </ClCompile>
    <ClCompile Include="Main.cpp">
      <Filter>Source Files\Game\Global</Filter>
    </ClCompile>
    <ClCompile Include="HighscoreMenu.cpp">
      <Filter>Source Files\Game\Menu</Filter>
    </ClCompile>
    <ClCompile Include="HelpMenu.cpp">
      <Filter>Source Files\Game\Menu</Filter>
    </ClCompile>
    <ClCompile Include="Helpers.cpp">
      <Filter>Source Files\Game\Global</Filter>
    </ClCompile>
    <ClCompile Include="BlankEnemy.cpp">
      <Filter>Source Files\Game\Enemies</Filter>
    </ClCompile>
    <ClCompile Include="AudioHandler.cpp">
      <Filter>Source Files\Game\Global</Filter>
    </ClCompile>
    <ClCompile Include="ProjectileHandler.cpp">
      <Filter>Source Files\Game\Global</Filter>
    </ClCompile>
    <ClCompile Include="Projectile.cpp">
      <Filter>Source Files\Game\Global</Filter>
    </ClCompile>
    <ClCompile Include="Collider.cpp">
      <Filter>Source Files\Game\Global</Filter>
    </ClCompile>
    <ClCompile Include="ColliderHandler.cpp">
      <Filter>Source Files\Game\Global</Filter>
    </ClCompile>
    <ClCompile Include="Obstacle.cpp">
      <Filter>Source Files\Game\Global</Filter>
    </ClCompile>
    <ClCompile Include="ObstacleHandler.cpp">
      <Filter>Source Files\Game\Global</Filter>
    </ClCompile>
    <ClCompile Include="Particle.cpp">
      <Filter>Source Files\Game\Effects</Filter>
    </ClCompile>
    <ClCompile Include="ParticleHandler.cpp">
      <Filter>Source Files\Game\Effects</Filter>
    </ClCompile>
    <ClCompile Include="Portal.cpp">
      <Filter>Source Files\Game\Effects</Filter>
    </ClCompile>
  </ItemGroup>
  <ItemGroup>
    <ClInclude Include="Enemy.h">
      <Filter>Header Files\Game\Enemies</Filter>
    </ClInclude>
    <ClInclude Include="EnemyHandler.h">
      <Filter>Header Files\Game\Enemies</Filter>
    </ClInclude>
    <ClInclude Include="GameSprite.h">
      <Filter>Header Files\Game\Global</Filter>
    </ClInclude>
    <ClInclude Include="GameText.h">
      <Filter>Header Files\Game\Global</Filter>
    </ClInclude>
    <ClInclude Include="Helpers.h">
      <Filter>Header Files\Game\Global</Filter>
    </ClInclude>
    <ClInclude Include="Settings.h">
      <Filter>Header Files\Game\Global</Filter>
    </ClInclude>
    <ClInclude Include="Player.h">
      <Filter>Header Files\Game\Player</Filter>
    </ClInclude>
    <ClInclude Include="ObstacleHandler.h">
      <Filter>Header Files\Game\Player</Filter>
    </ClInclude>
    <ClInclude Include="Obstacle.h">
      <Filter>Header Files\Game\Player</Filter>
    </ClInclude>
    <ClInclude Include="MainMenu.h">
      <Filter>Header Files\Game\Menu</Filter>
    </ClInclude>
    <ClInclude Include="Portal.h">
      <Filter>Header Files\Game\Effects</Filter>
    </ClInclude>
    <ClInclude Include="Object.h">
      <Filter>Header Files\Game\Global</Filter>
    </ClInclude>
    <ClInclude Include="CircleEnemy.h">
      <Filter>Header Files\Game\Enemies</Filter>
    </ClInclude>
    <ClInclude Include="SquareEnemy.h">
      <Filter>Header Files\Game\Enemies</Filter>
    </ClInclude>
    <ClInclude Include="TriangleEnemy.h">
      <Filter>Header Files\Game\Enemies</Filter>
    </ClInclude>
    <ClInclude Include="Particle.h">
      <Filter>Header Files\Game\Effects</Filter>
    </ClInclude>
    <ClInclude Include="BlankEnemy.h">
      <Filter>Header Files\Game\Enemies</Filter>
    </ClInclude>
    <ClInclude Include="PentagonEnemy.h">
      <Filter>Header Files\Game\Enemies</Filter>
    </ClInclude>
    <ClInclude Include="HelpMenu.h">
      <Filter>Header Files\Game\Menu</Filter>
    </ClInclude>
    <ClInclude Include="MainGame.h">
      <Filter>Header Files\Game\Menu</Filter>
    </ClInclude>
    <ClInclude Include="ShopMenu.h">
      <Filter>Header Files\Game\Menu</Filter>
    </ClInclude>
    <ClInclude Include="TextureHandler.h">
      <Filter>Header Files\Game\Global</Filter>
    </ClInclude>
    <ClInclude Include="Game.h">
      <Filter>Header Files\Game\Global</Filter>
    </ClInclude>
    <ClInclude Include="AudioHandler.h">
      <Filter>Header Files\Game\Global</Filter>
    </ClInclude>
    <ClInclude Include="Collider.h">
      <Filter>Header Files\Game\Global</Filter>
    </ClInclude>
    <ClInclude Include="ColliderHandler.h">
      <Filter>Header Files\Game\Global</Filter>
    </ClInclude>
    <ClInclude Include="HighscoreMenu.h">
      <Filter>Header Files\Game\Menu</Filter>
    </ClInclude>
    <ClInclude Include="ParticleHandler.h">
      <Filter>Header Files\Game\Global</Filter>
    </ClInclude>
    <ClInclude Include="Projectile.h">
      <Filter>Header Files\Game\Global</Filter>
    </ClInclude>
    <ClInclude Include="ProjectileHandler.h">
      <Filter>Header Files\Game\Global</Filter>
    </ClInclude>
  </ItemGroup>
</Project>